
Microsoft Visual Studio Solution File, Format Version 12.00
# Visual Studio 15
VisualStudioVersion = 15.0.26430.14
MinimumVisualStudioVersion = 10.0.40219.1
Project("{FAE04EC0-301F-11D3-BF4B-00C04F79EFBC}") = "noaPippi", "noaPippi\noaPippi.csproj", "{A92CABE4-70AA-45BD-8BC6-36F5C4847DEA}"
EndProject
Project("{8BC9CEB8-8B4A-11D0-8D11-00A0C91BC942}") = "MIDIIO", "MIDIOLib1.1\MIDIIO.vcxproj", "{8633E7D7-313B-4667-A728-C2B714244B76}"
EndProject
Project("{FAE04EC0-301F-11D3-BF4B-00C04F79EFBC}") = "MidiIOStudy", "MidiIOStudy\MidiIOStudy.csproj", "{D1CB7500-8ABB-48E5-9F4D-C4C9214C1CD4}"
EndProject
Project("{FAE04EC0-301F-11D3-BF4B-00C04F79EFBC}") = "noaPippiTests", "noaPippiTests\noaPippiTests.csproj", "{F44B7B5A-4A8F-4C9C-A076-9467C22B877D}"
EndProject
Global
	GlobalSection(SolutionConfigurationPlatforms) = preSolution
		Debug|Any CPU = Debug|Any CPU
		Debug|x86 = Debug|x86
		Release|Any CPU = Release|Any CPU
		Release|x86 = Release|x86
	EndGlobalSection
	GlobalSection(ProjectConfigurationPlatforms) = postSolution
		{A92CABE4-70AA-45BD-8BC6-36F5C4847DEA}.Debug|Any CPU.ActiveCfg = Debug|x86
		{A92CABE4-70AA-45BD-8BC6-36F5C4847DEA}.Debug|x86.ActiveCfg = Debug|x86
		{A92CABE4-70AA-45BD-8BC6-36F5C4847DEA}.Debug|x86.Build.0 = Debug|x86
		{A92CABE4-70AA-45BD-8BC6-36F5C4847DEA}.Release|Any CPU.ActiveCfg = Release|x86
		{A92CABE4-70AA-45BD-8BC6-36F5C4847DEA}.Release|x86.ActiveCfg = Release|x86
		{A92CABE4-70AA-45BD-8BC6-36F5C4847DEA}.Release|x86.Build.0 = Release|x86
		{8633E7D7-313B-4667-A728-C2B714244B76}.Debug|Any CPU.ActiveCfg = Debug|Win32
		{8633E7D7-313B-4667-A728-C2B714244B76}.Debug|x86.ActiveCfg = Debug|Win32
		{8633E7D7-313B-4667-A728-C2B714244B76}.Debug|x86.Build.0 = Debug|Win32
		{8633E7D7-313B-4667-A728-C2B714244B76}.Release|Any CPU.ActiveCfg = Release|Win32
		{8633E7D7-313B-4667-A728-C2B714244B76}.Release|x86.ActiveCfg = Release|Win32
		{8633E7D7-313B-4667-A728-C2B714244B76}.Release|x86.Build.0 = Release|Win32
		{D1CB7500-8ABB-48E5-9F4D-C4C9214C1CD4}.Debug|Any CPU.ActiveCfg = Debug|Any CPU
		{D1CB7500-8ABB-48E5-9F4D-C4C9214C1CD4}.Debug|Any CPU.Build.0 = Debug|Any CPU
		{D1CB7500-8ABB-48E5-9F4D-C4C9214C1CD4}.Debug|x86.ActiveCfg = Debug|Any CPU
		{D1CB7500-8ABB-48E5-9F4D-C4C9214C1CD4}.Debug|x86.Build.0 = Debug|Any CPU
		{D1CB7500-8ABB-48E5-9F4D-C4C9214C1CD4}.Release|Any CPU.ActiveCfg = Release|Any CPU
		{D1CB7500-8ABB-48E5-9F4D-C4C9214C1CD4}.Release|Any CPU.Build.0 = Release|Any CPU
		{D1CB7500-8ABB-48E5-9F4D-C4C9214C1CD4}.Release|x86.ActiveCfg = Release|Any CPU
		{D1CB7500-8ABB-48E5-9F4D-C4C9214C1CD4}.Release|x86.Build.0 = Release|Any CPU
		{F44B7B5A-4A8F-4C9C-A076-9467C22B877D}.Debug|Any CPU.ActiveCfg = Debug|Any CPU
		{F44B7B5A-4A8F-4C9C-A076-9467C22B877D}.Debug|Any CPU.Build.0 = Debug|Any CPU
		{F44B7B5A-4A8F-4C9C-A076-9467C22B877D}.Debug|x86.ActiveCfg = Debug|Any CPU
		{F44B7B5A-4A8F-4C9C-A076-9467C22B877D}.Debug|x86.Build.0 = Debug|Any CPU
		{F44B7B5A-4A8F-4C9C-A076-9467C22B877D}.Release|Any CPU.ActiveCfg = Release|Any CPU
		{F44B7B5A-4A8F-4C9C-A076-9467C22B877D}.Release|Any CPU.Build.0 = Release|Any CPU
		{F44B7B5A-4A8F-4C9C-A076-9467C22B877D}.Release|x86.ActiveCfg = Release|Any CPU
		{F44B7B5A-4A8F-4C9C-A076-9467C22B877D}.Release|x86.Build.0 = Release|Any CPU
	EndGlobalSection
	GlobalSection(SolutionProperties) = preSolution
		HideSolutionNode = FALSE
	EndGlobalSection
EndGlobal
